
Microsoft Visual Studio Solution File, Format Version 12.00
# Visual Studio Express 2012 for Windows Desktop
Project("{8BC9CEB8-8B4A-11D0-8D11-00A0C91BC942}") = "Othello", "Othello.vcxproj", "{488F55D5-751D-4D7D-83E3-425D540801FC}"
EndProject
Project("{8BC9CEB8-8B4A-11D0-8D11-00A0C91BC942}") = "OthelloTest", "OthelloTest.vcxproj", "{D368C3C0-5A2A-4A48-9BC9-3A5D4A0310FD}"
EndProject
Global
	GlobalSection(SolutionConfigurationPlatforms) = preSolution
		Debug|Win32 = Debug|Win32
		Release|Win32 = Release|Win32
	EndGlobalSection
	GlobalSection(ProjectConfigurationPlatforms) = postSolution
		{488F55D5-751D-4D7D-83E3-425D540801FC}.Debug|Win32.ActiveCfg = Debug|Win32
		{488F55D5-751D-4D7D-83E3-425D540801FC}.Debug|Win32.Build.0 = Debug|Win32
		{488F55D5-751D-4D7D-83E3-425D540801FC}.Release|Win32.ActiveCfg = Release|Win32
		{488F55D5-751D-4D7D-83E3-425D540801FC}.Release|Win32.Build.0 = Release|Win32
		{D368C3C0-5A2A-4A48-9BC9-3A5D4A0310FD}.Debug|Win32.ActiveCfg = Debug|Win32
		{D368C3C0-5A2A-4A48-9BC9-3A5D4A0310FD}.Debug|Win32.Build.0 = Debug|Win32
		{D368C3C0-5A2A-4A48-9BC9-3A5D4A0310FD}.Release|Win32.ActiveCfg = Release|Win32
		{D368C3C0-5A2A-4A48-9BC9-3A5D4A0310FD}.Release|Win32.Build.0 = Release|Win32
	EndGlobalSection
	GlobalSection(SolutionProperties) = preSolution
		HideSolutionNode = FALSE
	EndGlobalSection
EndGlobal
